// !$*UTF8*$!
{
	archiveVersion = 1;
	classes = {
	};
	objectVersion = 46;
	objects = {

/* Begin PBXBuildFile section */
		96B382D21B393D27000891CC /* SJIconButton.m in Sources */ = {isa = PBXBuildFile; fileRef = 96B382D11B393D27000891CC /* SJIconButton.m */; };
		96B382D51B393D65000891CC /* SJTabBar.m in Sources */ = {isa = PBXBuildFile; fileRef = 96B382D41B393D65000891CC /* SJTabBar.m */; };
		96B382D81B393D89000891CC /* SJBottomMenu.m in Sources */ = {isa = PBXBuildFile; fileRef = 96B382D71B393D89000891CC /* SJBottomMenu.m */; };
		96B382DB1B39418F000891CC /* UIView+MJ.m in Sources */ = {isa = PBXBuildFile; fileRef = 96B382DA1B39418F000891CC /* UIView+MJ.m */; };
		96B382DF1B395F03000891CC /* SJTabBarButton.m in Sources */ = {isa = PBXBuildFile; fileRef = 96B382DE1B395F03000891CC /* SJTabBarButton.m */; };
		96C5D8401B3A49790060B334 /* SJAllStatusViewController.m in Sources */ = {isa = PBXBuildFile; fileRef = 96C5D83F1B3A49790060B334 /* SJAllStatusViewController.m */; };
		96C5D8441B3A4DC80060B334 /* SJSegmentControl.m in Sources */ = {isa = PBXBuildFile; fileRef = 96C5D8431B3A4DC80060B334 /* SJSegmentControl.m */; };
		96C5D8471B3A53DC0060B334 /* SJSegment.m in Sources */ = {isa = PBXBuildFile; fileRef = 96C5D8461B3A53DC0060B334 /* SJSegment.m */; };
		96DD7D1C1B34F85A00F86984 /* main.m in Sources */ = {isa = PBXBuildFile; fileRef = 96DD7D1B1B34F85A00F86984 /* main.m */; };
		96DD7D1F1B34F85A00F86984 /* AppDelegate.m in Sources */ = {isa = PBXBuildFile; fileRef = 96DD7D1E1B34F85A00F86984 /* AppDelegate.m */; };
		96DD7D251B34F85A00F86984 /* Main.storyboard in Resources */ = {isa = PBXBuildFile; fileRef = 96DD7D231B34F85A00F86984 /* Main.storyboard */; };
		96DD7D271B34F85A00F86984 /* Images.xcassets in Resources */ = {isa = PBXBuildFile; fileRef = 96DD7D261B34F85A00F86984 /* Images.xcassets */; };
		96DD7D2A1B34F85A00F86984 /* LaunchScreen.xib in Resources */ = {isa = PBXBuildFile; fileRef = 96DD7D281B34F85A00F86984 /* LaunchScreen.xib */; };
		96DD7D361B34F85A00F86984 /* QQZoneTests.m in Sources */ = {isa = PBXBuildFile; fileRef = 96DD7D351B34F85A00F86984 /* QQZoneTests.m */; };
		96DD7D441B34F96F00F86984 /* SJLoginViewController.m in Sources */ = {isa = PBXBuildFile; fileRef = 96DD7D431B34F96F00F86984 /* SJLoginViewController.m */; };
		96DD7D481B34FF9000F86984 /* UIImage+SJ.m in Sources */ = {isa = PBXBuildFile; fileRef = 96DD7D471B34FF9000F86984 /* UIImage+SJ.m */; };
		96DD7D4B1B3593F200F86984 /* SJMainViewController.m in Sources */ = {isa = PBXBuildFile; fileRef = 96DD7D4A1B3593F200F86984 /* SJMainViewController.m */; };
		96DD7D4E1B35967B00F86984 /* SJDock.m in Sources */ = {isa = PBXBuildFile; fileRef = 96DD7D4D1B35967B00F86984 /* SJDock.m */; };
/* End PBXBuildFile section */

/* Begin PBXContainerItemProxy section */
		96DD7D301B34F85A00F86984 /* PBXContainerItemProxy */ = {
			isa = PBXContainerItemProxy;
			containerPortal = 96DD7D0E1B34F85A00F86984 /* Project object */;
			proxyType = 1;
			remoteGlobalIDString = 96DD7D151B34F85A00F86984;
			remoteInfo = QQZone;
		};
/* End PBXContainerItemProxy section */

/* Begin PBXFileReference section */
		96B382D01B393D27000891CC /* SJIconButton.h */ = {isa = PBXFileReference; fileEncoding = 4; lastKnownFileType = sourcecode.c.h; path = SJIconButton.h; sourceTree = "<group>"; };
		96B382D11B393D27000891CC /* SJIconButton.m */ = {isa = PBXFileReference; fileEncoding = 4; lastKnownFileType = sourcecode.c.objc; path = SJIconButton.m; sourceTree = "<group>"; };
		96B382D31B393D65000891CC /* SJTabBar.h */ = {isa = PBXFileReference; fileEncoding = 4; lastKnownFileType = sourcecode.c.h; path = SJTabBar.h; sourceTree = "<group>"; };
		96B382D41B393D65000891CC /* SJTabBar.m */ = {isa = PBXFileReference; fileEncoding = 4; lastKnownFileType = sourcecode.c.objc; path = SJTabBar.m; sourceTree = "<group>"; };
		96B382D61B393D89000891CC /* SJBottomMenu.h */ = {isa = PBXFileReference; fileEncoding = 4; lastKnownFileType = sourcecode.c.h; path = SJBottomMenu.h; sourceTree = "<group>"; };
		96B382D71B393D89000891CC /* SJBottomMenu.m */ = {isa = PBXFileReference; fileEncoding = 4; lastKnownFileType = sourcecode.c.objc; path = SJBottomMenu.m; sourceTree = "<group>"; };
		96B382D91B39418F000891CC /* UIView+MJ.h */ = {isa = PBXFileReference; fileEncoding = 4; lastKnownFileType = sourcecode.c.h; path = "UIView+MJ.h"; sourceTree = "<group>"; };
		96B382DA1B39418F000891CC /* UIView+MJ.m */ = {isa = PBXFileReference; fileEncoding = 4; lastKnownFileType = sourcecode.c.objc; path = "UIView+MJ.m"; sourceTree = "<group>"; };
		96B382DD1B395F03000891CC /* SJTabBarButton.h */ = {isa = PBXFileReference; fileEncoding = 4; lastKnownFileType = sourcecode.c.h; path = SJTabBarButton.h; sourceTree = "<group>"; };
		96B382DE1B395F03000891CC /* SJTabBarButton.m */ = {isa = PBXFileReference; fileEncoding = 4; lastKnownFileType = sourcecode.c.objc; path = SJTabBarButton.m; sourceTree = "<group>"; };
		96C5D83E1B3A49790060B334 /* SJAllStatusViewController.h */ = {isa = PBXFileReference; fileEncoding = 4; lastKnownFileType = sourcecode.c.h; path = SJAllStatusViewController.h; sourceTree = "<group>"; };
		96C5D83F1B3A49790060B334 /* SJAllStatusViewController.m */ = {isa = PBXFileReference; fileEncoding = 4; lastKnownFileType = sourcecode.c.objc; path = SJAllStatusViewController.m; sourceTree = "<group>"; };
		96C5D8421B3A4DC80060B334 /* SJSegmentControl.h */ = {isa = PBXFileReference; fileEncoding = 4; lastKnownFileType = sourcecode.c.h; path = SJSegmentControl.h; sourceTree = "<group>"; };
		96C5D8431B3A4DC80060B334 /* SJSegmentControl.m */ = {isa = PBXFileReference; fileEncoding = 4; lastKnownFileType = sourcecode.c.objc; path = SJSegmentControl.m; sourceTree = "<group>"; };
		96C5D8451B3A53DC0060B334 /* SJSegment.h */ = {isa = PBXFileReference; fileEncoding = 4; lastKnownFileType = sourcecode.c.h; path = SJSegment.h; sourceTree = "<group>"; };
		96C5D8461B3A53DC0060B334 /* SJSegment.m */ = {isa = PBXFileReference; fileEncoding = 4; lastKnownFileType = sourcecode.c.objc; path = SJSegment.m; sourceTree = "<group>"; };
		96DD7D161B34F85A00F86984 /* QQZone.app */ = {isa = PBXFileReference; explicitFileType = wrapper.application; includeInIndex = 0; path = QQZone.app; sourceTree = BUILT_PRODUCTS_DIR; };
		96DD7D1A1B34F85A00F86984 /* Info.plist */ = {isa = PBXFileReference; lastKnownFileType = text.plist.xml; path = Info.plist; sourceTree = "<group>"; };
		96DD7D1B1B34F85A00F86984 /* main.m */ = {isa = PBXFileReference; lastKnownFileType = sourcecode.c.objc; path = main.m; sourceTree = "<group>"; };
		96DD7D1D1B34F85A00F86984 /* AppDelegate.h */ = {isa = PBXFileReference; lastKnownFileType = sourcecode.c.h; path = AppDelegate.h; sourceTree = "<group>"; };
		96DD7D1E1B34F85A00F86984 /* AppDelegate.m */ = {isa = PBXFileReference; lastKnownFileType = sourcecode.c.objc; path = AppDelegate.m; sourceTree = "<group>"; };
		96DD7D241B34F85A00F86984 /* Base */ = {isa = PBXFileReference; lastKnownFileType = file.storyboard; name = Base; path = Base.lproj/Main.storyboard; sourceTree = "<group>"; };
		96DD7D261B34F85A00F86984 /* Images.xcassets */ = {isa = PBXFileReference; lastKnownFileType = folder.assetcatalog; path = Images.xcassets; sourceTree = "<group>"; };
		96DD7D291B34F85A00F86984 /* Base */ = {isa = PBXFileReference; lastKnownFileType = file.xib; name = Base; path = Base.lproj/LaunchScreen.xib; sourceTree = "<group>"; };
		96DD7D2F1B34F85A00F86984 /* QQZoneTests.xctest */ = {isa = PBXFileReference; explicitFileType = wrapper.cfbundle; includeInIndex = 0; path = QQZoneTests.xctest; sourceTree = BUILT_PRODUCTS_DIR; };
		96DD7D341B34F85A00F86984 /* Info.plist */ = {isa = PBXFileReference; lastKnownFileType = text.plist.xml; path = Info.plist; sourceTree = "<group>"; };
		96DD7D351B34F85A00F86984 /* QQZoneTests.m */ = {isa = PBXFileReference; lastKnownFileType = sourcecode.c.objc; path = QQZoneTests.m; sourceTree = "<group>"; };
		96DD7D421B34F96F00F86984 /* SJLoginViewController.h */ = {isa = PBXFileReference; fileEncoding = 4; lastKnownFileType = sourcecode.c.h; path = SJLoginViewController.h; sourceTree = "<group>"; };
		96DD7D431B34F96F00F86984 /* SJLoginViewController.m */ = {isa = PBXFileReference; fileEncoding = 4; lastKnownFileType = sourcecode.c.objc; path = SJLoginViewController.m; sourceTree = "<group>"; };
		96DD7D461B34FF9000F86984 /* UIImage+SJ.h */ = {isa = PBXFileReference; fileEncoding = 4; lastKnownFileType = sourcecode.c.h; path = "UIImage+SJ.h"; sourceTree = "<group>"; };
		96DD7D471B34FF9000F86984 /* UIImage+SJ.m */ = {isa = PBXFileReference; fileEncoding = 4; lastKnownFileType = sourcecode.c.objc; path = "UIImage+SJ.m"; sourceTree = "<group>"; };
		96DD7D491B3593F200F86984 /* SJMainViewController.h */ = {isa = PBXFileReference; fileEncoding = 4; lastKnownFileType = sourcecode.c.h; path = SJMainViewController.h; sourceTree = "<group>"; };
		96DD7D4A1B3593F200F86984 /* SJMainViewController.m */ = {isa = PBXFileReference; fileEncoding = 4; lastKnownFileType = sourcecode.c.objc; path = SJMainViewController.m; sourceTree = "<group>"; };
		96DD7D4C1B35967B00F86984 /* SJDock.h */ = {isa = PBXFileReference; fileEncoding = 4; lastKnownFileType = sourcecode.c.h; path = SJDock.h; sourceTree = "<group>"; };
		96DD7D4D1B35967B00F86984 /* SJDock.m */ = {isa = PBXFileReference; fileEncoding = 4; lastKnownFileType = sourcecode.c.objc; path = SJDock.m; sourceTree = "<group>"; };
		96DD7D521B3597A600F86984 /* QQZone.pch */ = {isa = PBXFileReference; fileEncoding = 4; lastKnownFileType = sourcecode.c.h; path = QQZone.pch; sourceTree = "<group>"; };
/* End PBXFileReference section */

/* Begin PBXFrameworksBuildPhase section */
		96DD7D131B34F85A00F86984 /* Frameworks */ = {
			isa = PBXFrameworksBuildPhase;
			buildActionMask = 2147483647;
			files = (
			);
			runOnlyForDeploymentPostprocessing = 0;
		};
		96DD7D2C1B34F85A00F86984 /* Frameworks */ = {
			isa = PBXFrameworksBuildPhase;
			buildActionMask = 2147483647;
			files = (
			);
			runOnlyForDeploymentPostprocessing = 0;
		};
/* End PBXFrameworksBuildPhase section */

/* Begin PBXGroup section */
		96B382DC1B395EDE000891CC /* TabBar */ = {
			isa = PBXGroup;
			children = (
				96B382DD1B395F03000891CC /* SJTabBarButton.h */,
				96B382DE1B395F03000891CC /* SJTabBarButton.m */,
				96B382D31B393D65000891CC /* SJTabBar.h */,
				96B382D41B393D65000891CC /* SJTabBar.m */,
			);
			name = TabBar;
			sourceTree = "<group>";
		};
		96C5D83C1B3A49340060B334 /* AllStatus */ = {
			isa = PBXGroup;
			children = (
				96C5D8411B3A4DA40060B334 /* View */,
				96C5D83D1B3A49440060B334 /* Controller */,
			);
			name = AllStatus;
			sourceTree = "<group>";
		};
		96C5D83D1B3A49440060B334 /* Controller */ = {
			isa = PBXGroup;
			children = (
				96C5D83E1B3A49790060B334 /* SJAllStatusViewController.h */,
				96C5D83F1B3A49790060B334 /* SJAllStatusViewController.m */,
			);
			name = Controller;
			sourceTree = "<group>";
		};
		96C5D8411B3A4DA40060B334 /* View */ = {
			isa = PBXGroup;
			children = (
				96C5D8421B3A4DC80060B334 /* SJSegmentControl.h */,
				96C5D8431B3A4DC80060B334 /* SJSegmentControl.m */,
				96C5D8451B3A53DC0060B334 /* SJSegment.h */,
				96C5D8461B3A53DC0060B334 /* SJSegment.m */,
			);
			name = View;
			sourceTree = "<group>";
		};
		96DD7D0D1B34F85A00F86984 = {
			isa = PBXGroup;
			children = (
				96DD7D181B34F85A00F86984 /* QQZone */,
				96DD7D321B34F85A00F86984 /* QQZoneTests */,
				96DD7D171B34F85A00F86984 /* Products */,
			);
			sourceTree = "<group>";
		};
		96DD7D171B34F85A00F86984 /* Products */ = {
			isa = PBXGroup;
			children = (
				96DD7D161B34F85A00F86984 /* QQZone.app */,
				96DD7D2F1B34F85A00F86984 /* QQZoneTests.xctest */,
			);
			name = Products;
			sourceTree = "<group>";
		};
		96DD7D181B34F85A00F86984 /* QQZone */ = {
			isa = PBXGroup;
			children = (
				96C5D83C1B3A49340060B334 /* AllStatus */,
				96DD7D411B34F94900F86984 /* Other */,
				96DD7D401B34F94400F86984 /* Login */,
				96DD7D3F1B34F93E00F86984 /* Main */,
				96DD7D191B34F85A00F86984 /* Supporting Files */,
			);
			path = QQZone;
			sourceTree = "<group>";
		};
		96DD7D191B34F85A00F86984 /* Supporting Files */ = {
			isa = PBXGroup;
			children = (
				96DD7D231B34F85A00F86984 /* Main.storyboard */,
				96DD7D261B34F85A00F86984 /* Images.xcassets */,
				96DD7D281B34F85A00F86984 /* LaunchScreen.xib */,
				96DD7D1A1B34F85A00F86984 /* Info.plist */,
				96DD7D1B1B34F85A00F86984 /* main.m */,
				96DD7D521B3597A600F86984 /* QQZone.pch */,
			);
			name = "Supporting Files";
			sourceTree = "<group>";
		};
		96DD7D321B34F85A00F86984 /* QQZoneTests */ = {
			isa = PBXGroup;
			children = (
				96DD7D351B34F85A00F86984 /* QQZoneTests.m */,
				96DD7D331B34F85A00F86984 /* Supporting Files */,
			);
			path = QQZoneTests;
			sourceTree = "<group>";
		};
		96DD7D331B34F85A00F86984 /* Supporting Files */ = {
			isa = PBXGroup;
			children = (
				96DD7D341B34F85A00F86984 /* Info.plist */,
			);
			name = "Supporting Files";
			sourceTree = "<group>";
		};
		96DD7D3F1B34F93E00F86984 /* Main */ = {
			isa = PBXGroup;
			children = (
				96DD7D501B35968A00F86984 /* View */,
				96DD7D4F1B35967E00F86984 /* Controller */,
			);
			name = Main;
			sourceTree = "<group>";
		};
		96DD7D401B34F94400F86984 /* Login */ = {
			isa = PBXGroup;
			children = (
				96DD7D421B34F96F00F86984 /* SJLoginViewController.h */,
				96DD7D431B34F96F00F86984 /* SJLoginViewController.m */,
			);
			name = Login;
			sourceTree = "<group>";
		};
		96DD7D411B34F94900F86984 /* Other */ = {
			isa = PBXGroup;
			children = (
				96DD7D451B34FF8500F86984 /* Category */,
				96DD7D1D1B34F85A00F86984 /* AppDelegate.h */,
				96DD7D1E1B34F85A00F86984 /* AppDelegate.m */,
			);
			name = Other;
			sourceTree = "<group>";
		};
		96DD7D451B34FF8500F86984 /* Category */ = {
			isa = PBXGroup;
			children = (
				96B382D91B39418F000891CC /* UIView+MJ.h */,
				96B382DA1B39418F000891CC /* UIView+MJ.m */,
				96DD7D461B34FF9000F86984 /* UIImage+SJ.h */,
				96DD7D471B34FF9000F86984 /* UIImage+SJ.m */,
			);
			name = Category;
			sourceTree = "<group>";
		};
		96DD7D4F1B35967E00F86984 /* Controller */ = {
			isa = PBXGroup;
			children = (
				96DD7D491B3593F200F86984 /* SJMainViewController.h */,
				96DD7D4A1B3593F200F86984 /* SJMainViewController.m */,
			);
			name = Controller;
			sourceTree = "<group>";
		};
		96DD7D501B35968A00F86984 /* View */ = {
			isa = PBXGroup;
			children = (
				96B382DC1B395EDE000891CC /* TabBar */,
				96DD7D4C1B35967B00F86984 /* SJDock.h */,
				96DD7D4D1B35967B00F86984 /* SJDock.m */,
				96B382D01B393D27000891CC /* SJIconButton.h */,
				96B382D11B393D27000891CC /* SJIconButton.m */,
				96B382D61B393D89000891CC /* SJBottomMenu.h */,
				96B382D71B393D89000891CC /* SJBottomMenu.m */,
			);
			name = View;
			sourceTree = "<group>";
		};
/* End PBXGroup section */

/* Begin PBXNativeTarget section */
		96DD7D151B34F85A00F86984 /* QQZone */ = {
			isa = PBXNativeTarget;
			buildConfigurationList = 96DD7D391B34F85A00F86984 /* Build configuration list for PBXNativeTarget "QQZone" */;
			buildPhases = (
				96DD7D121B34F85A00F86984 /* Sources */,
				96DD7D131B34F85A00F86984 /* Frameworks */,
				96DD7D141B34F85A00F86984 /* Resources */,
			);
			buildRules = (
			);
			dependencies = (
			);
			name = QQZone;
			productName = QQZone;
			productReference = 96DD7D161B34F85A00F86984 /* QQZone.app */;
			productType = "com.apple.product-type.application";
		};
		96DD7D2E1B34F85A00F86984 /* QQZoneTests */ = {
			isa = PBXNativeTarget;
			buildConfigurationList = 96DD7D3C1B34F85A00F86984 /* Build configuration list for PBXNativeTarget "QQZoneTests" */;
			buildPhases = (
				96DD7D2B1B34F85A00F86984 /* Sources */,
				96DD7D2C1B34F85A00F86984 /* Frameworks */,
				96DD7D2D1B34F85A00F86984 /* Resources */,
			);
			buildRules = (
			);
			dependencies = (
				96DD7D311B34F85A00F86984 /* PBXTargetDependency */,
			);
			name = QQZoneTests;
			productName = QQZoneTests;
			productReference = 96DD7D2F1B34F85A00F86984 /* QQZoneTests.xctest */;
			productType = "com.apple.product-type.bundle.unit-test";
		};
/* End PBXNativeTarget section */

/* Begin PBXProject section */
		96DD7D0E1B34F85A00F86984 /* Project object */ = {
			isa = PBXProject;
			attributes = {
				LastUpgradeCheck = 0630;
				ORGANIZATIONNAME = SoulJa;
				TargetAttributes = {
					96DD7D151B34F85A00F86984 = {
						CreatedOnToolsVersion = 6.3.1;
					};
					96DD7D2E1B34F85A00F86984 = {
						CreatedOnToolsVersion = 6.3.1;
						TestTargetID = 96DD7D151B34F85A00F86984;
					};
				};
			};
			buildConfigurationList = 96DD7D111B34F85A00F86984 /* Build configuration list for PBXProject "QQZone" */;
			compatibilityVersion = "Xcode 3.2";
			developmentRegion = English;
			hasScannedForEncodings = 0;
			knownRegions = (
				en,
				Base,
			);
			mainGroup = 96DD7D0D1B34F85A00F86984;
			productRefGroup = 96DD7D171B34F85A00F86984 /* Products */;
			projectDirPath = "";
			projectRoot = "";
			targets = (
				96DD7D151B34F85A00F86984 /* QQZone */,
				96DD7D2E1B34F85A00F86984 /* QQZoneTests */,
			);
		};
/* End PBXProject section */

/* Begin PBXResourcesBuildPhase section */
		96DD7D141B34F85A00F86984 /* Resources */ = {
			isa = PBXResourcesBuildPhase;
			buildActionMask = 2147483647;
			files = (
				96DD7D251B34F85A00F86984 /* Main.storyboard in Resources */,
				96DD7D2A1B34F85A00F86984 /* LaunchScreen.xib in Resources */,
				96DD7D271B34F85A00F86984 /* Images.xcassets in Resources */,
			);
			runOnlyForDeploymentPostprocessing = 0;
		};
		96DD7D2D1B34F85A00F86984 /* Resources */ = {
			isa = PBXResourcesBuildPhase;
			buildActionMask = 2147483647;
			files = (
			);
			runOnlyForDeploymentPostprocessing = 0;
		};
/* End PBXResourcesBuildPhase section */

/* Begin PBXSourcesBuildPhase section */
		96DD7D121B34F85A00F86984 /* Sources */ = {
			isa = PBXSourcesBuildPhase;
			buildActionMask = 2147483647;
			files = (
				96DD7D481B34FF9000F86984 /* UIImage+SJ.m in Sources */,
				96B382D21B393D27000891CC /* SJIconButton.m in Sources */,
				96B382DF1B395F03000891CC /* SJTabBarButton.m in Sources */,
				96C5D8401B3A49790060B334 /* SJAllStatusViewController.m in Sources */,
				96DD7D441B34F96F00F86984 /* SJLoginViewController.m in Sources */,
				96B382D81B393D89000891CC /* SJBottomMenu.m in Sources */,
				96C5D8471B3A53DC0060B334 /* SJSegment.m in Sources */,
				96DD7D4B1B3593F200F86984 /* SJMainViewController.m in Sources */,
				96C5D8441B3A4DC80060B334 /* SJSegmentControl.m in Sources */,
				96B382DB1B39418F000891CC /* UIView+MJ.m in Sources */,
				96DD7D4E1B35967B00F86984 /* SJDock.m in Sources */,
				96DD7D1F1B34F85A00F86984 /* AppDelegate.m in Sources */,
				96B382D51B393D65000891CC /* SJTabBar.m in Sources */,
				96DD7D1C1B34F85A00F86984 /* main.m in Sources */,
			);
			runOnlyForDeploymentPostprocessing = 0;
		};
		96DD7D2B1B34F85A00F86984 /* Sources */ = {
			isa = PBXSourcesBuildPhase;
			buildActionMask = 2147483647;
			files = (
				96DD7D361B34F85A00F86984 /* QQZoneTests.m in Sources */,
			);
			runOnlyForDeploymentPostprocessing = 0;
		};
/* End PBXSourcesBuildPhase section */

/* Begin PBXTargetDependency section */
		96DD7D311B34F85A00F86984 /* PBXTargetDependency */ = {
			isa = PBXTargetDependency;
			target = 96DD7D151B34F85A00F86984 /* QQZone */;
			targetProxy = 96DD7D301B34F85A00F86984 /* PBXContainerItemProxy */;
		};
/* End PBXTargetDependency section */

/* Begin PBXVariantGroup section */
		96DD7D231B34F85A00F86984 /* Main.storyboard */ = {
			isa = PBXVariantGroup;
			children = (
				96DD7D241B34F85A00F86984 /* Base */,
			);
			name = Main.storyboard;
			sourceTree = "<group>";
		};
		96DD7D281B34F85A00F86984 /* LaunchScreen.xib */ = {
			isa = PBXVariantGroup;
			children = (
				96DD7D291B34F85A00F86984 /* Base */,
			);
			name = LaunchScreen.xib;
			sourceTree = "<group>";
		};
/* End PBXVariantGroup section */

/* Begin XCBuildConfiguration section */
		96DD7D371B34F85A00F86984 /* Debug */ = {
			isa = XCBuildConfiguration;
			buildSettings = {
				ALWAYS_SEARCH_USER_PATHS = NO;
				CLANG_CXX_LANGUAGE_STANDARD = "gnu++0x";
				CLANG_CXX_LIBRARY = "libc++";
				CLANG_ENABLE_MODULES = YES;
				CLANG_ENABLE_OBJC_ARC = YES;
				CLANG_WARN_BOOL_CONVERSION = YES;
				CLANG_WARN_CONSTANT_CONVERSION = YES;
				CLANG_WARN_DIRECT_OBJC_ISA_USAGE = YES_ERROR;
				CLANG_WARN_EMPTY_BODY = YES;
				CLANG_WARN_ENUM_CONVERSION = YES;
				CLANG_WARN_INT_CONVERSION = YES;
				CLANG_WARN_OBJC_ROOT_CLASS = YES_ERROR;
				CLANG_WARN_UNREACHABLE_CODE = YES;
				CLANG_WARN__DUPLICATE_METHOD_MATCH = YES;
				"CODE_SIGN_IDENTITY[sdk=iphoneos*]" = "iPhone Developer";
				COPY_PHASE_STRIP = NO;
				DEBUG_INFORMATION_FORMAT = "dwarf-with-dsym";
				ENABLE_STRICT_OBJC_MSGSEND = YES;
				GCC_C_LANGUAGE_STANDARD = gnu99;
				GCC_DYNAMIC_NO_PIC = NO;
				GCC_NO_COMMON_BLOCKS = YES;
				GCC_OPTIMIZATION_LEVEL = 0;
				GCC_PREPROCESSOR_DEFINITIONS = (
					"DEBUG=1",
					"$(inherited)",
				);
				GCC_SYMBOLS_PRIVATE_EXTERN = NO;
				GCC_WARN_64_TO_32_BIT_CONVERSION = YES;
				GCC_WARN_ABOUT_RETURN_TYPE = YES_ERROR;
				GCC_WARN_UNDECLARED_SELECTOR = YES;
				GCC_WARN_UNINITIALIZED_AUTOS = YES_AGGRESSIVE;
				GCC_WARN_UNUSED_FUNCTION = YES;
				GCC_WARN_UNUSED_VARIABLE = YES;
				IPHONEOS_DEPLOYMENT_TARGET = 8.3;
				MTL_ENABLE_DEBUG_INFO = YES;
				ONLY_ACTIVE_ARCH = YES;
				SDKROOT = iphoneos;
				TARGETED_DEVICE_FAMILY = 2;
			};
			name = Debug;
		};
		96DD7D381B34F85A00F86984 /* Release */ = {
			isa = XCBuildConfiguration;
			buildSettings = {
				ALWAYS_SEARCH_USER_PATHS = NO;
				CLANG_CXX_LANGUAGE_STANDARD = "gnu++0x";
				CLANG_CXX_LIBRARY = "libc++";
				CLANG_ENABLE_MODULES = YES;
				CLANG_ENABLE_OBJC_ARC = YES;
				CLANG_WARN_BOOL_CONVERSION = YES;
				CLANG_WARN_CONSTANT_CONVERSION = YES;
				CLANG_WARN_DIRECT_OBJC_ISA_USAGE = YES_ERROR;
				CLANG_WARN_EMPTY_BODY = YES;
				CLANG_WARN_ENUM_CONVERSION = YES;
				CLANG_WARN_INT_CONVERSION = YES;
				CLANG_WARN_OBJC_ROOT_CLASS = YES_ERROR;
				CLANG_WARN_UNREACHABLE_CODE = YES;
				CLANG_WARN__DUPLICATE_METHOD_MATCH = YES;
				"CODE_SIGN_IDENTITY[sdk=iphoneos*]" = "iPhone Developer";
				COPY_PHASE_STRIP = NO;
				DEBUG_INFORMATION_FORMAT = "dwarf-with-dsym";
				ENABLE_NS_ASSERTIONS = NO;
				ENABLE_STRICT_OBJC_MSGSEND = YES;
				GCC_C_LANGUAGE_STANDARD = gnu99;
				GCC_NO_COMMON_BLOCKS = YES;
				GCC_WARN_64_TO_32_BIT_CONVERSION = YES;
				GCC_WARN_ABOUT_RETURN_TYPE = YES_ERROR;
				GCC_WARN_UNDECLARED_SELECTOR = YES;
				GCC_WARN_UNINITIALIZED_AUTOS = YES_AGGRESSIVE;
				GCC_WARN_UNUSED_FUNCTION = YES;
				GCC_WARN_UNUSED_VARIABLE = YES;
				IPHONEOS_DEPLOYMENT_TARGET = 8.3;
				MTL_ENABLE_DEBUG_INFO = NO;
				SDKROOT = iphoneos;
				TARGETED_DEVICE_FAMILY = 2;
				VALIDATE_PRODUCT = YES;
			};
			name = Release;
		};
		96DD7D3A1B34F85A00F86984 /* Debug */ = {
			isa = XCBuildConfiguration;
			buildSettings = {
				ASSETCATALOG_COMPILER_APPICON_NAME = AppIcon;
				ASSETCATALOG_COMPILER_LAUNCHIMAGE_NAME = LaunchImage;
				GCC_PRECOMPILE_PREFIX_HEADER = YES;
				GCC_PREFIX_HEADER = "$(SRCROOT)/QQZone/QQZone.pch";
				INFOPLIST_FILE = QQZone/Info.plist;
				LD_RUNPATH_SEARCH_PATHS = "$(inherited) @executable_path/Frameworks";
				PRODUCT_NAME = "$(TARGET_NAME)";
			};
			name = Debug;
		};
		96DD7D3B1B34F85A00F86984 /* Release */ = {
			isa = XCBuildConfiguration;
			buildSettings = {
				ASSETCATALOG_COMPILER_APPICON_NAME = AppIcon;
				ASSETCATALOG_COMPILER_LAUNCHIMAGE_NAME = LaunchImage;
				GCC_PRECOMPILE_PREFIX_HEADER = YES;
				GCC_PREFIX_HEADER = "$(SRCROOT)/QQZone/QQZone.pch";
				INFOPLIST_FILE = QQZone/Info.plist;
				LD_RUNPATH_SEARCH_PATHS = "$(inherited) @executable_path/Frameworks";
				PRODUCT_NAME = "$(TARGET_NAME)";
			};
			name = Release;
		};
		96DD7D3D1B34F85A00F86984 /* Debug */ = {
			isa = XCBuildConfiguration;
			buildSettings = {
				BUNDLE_LOADER = "$(TEST_HOST)";
				FRAMEWORK_SEARCH_PATHS = (
					"$(SDKROOT)/Developer/Library/Frameworks",
					"$(inherited)",
				);
				GCC_PREPROCESSOR_DEFINITIONS = (
					"DEBUG=1",
					"$(inherited)",
				);
				INFOPLIST_FILE = QQZoneTests/Info.plist;
				LD_RUNPATH_SEARCH_PATHS = "$(inherited) @executable_path/Frameworks @loader_path/Frameworks";
				PRODUCT_NAME = "$(TARGET_NAME)";
				TEST_HOST = "$(BUILT_PRODUCTS_DIR)/QQZone.app/QQZone";
			};
			name = Debug;
		};
		96DD7D3E1B34F85A00F86984 /* Release */ = {
			isa = XCBuildConfiguration;
			buildSettings = {
				BUNDLE_LOADER = "$(TEST_HOST)";
				FRAMEWORK_SEARCH_PATHS = (
					"$(SDKROOT)/Developer/Library/Frameworks",
					"$(inherited)",
				);
				INFOPLIST_FILE = QQZoneTests/Info.plist;
				LD_RUNPATH_SEARCH_PATHS = "$(inherited) @executable_path/Frameworks @loader_path/Frameworks";
				PRODUCT_NAME = "$(TARGET_NAME)";
				TEST_HOST = "$(BUILT_PRODUCTS_DIR)/QQZone.app/QQZone";
			};
			name = Release;
		};
/* End XCBuildConfiguration section */

/* Begin XCConfigurationList section */
		96DD7D111B34F85A00F86984 /* Build configuration list for PBXProject "QQZone" */ = {
			isa = XCConfigurationList;
			buildConfigurations = (
				96DD7D371B34F85A00F86984 /* Debug */,
				96DD7D381B34F85A00F86984 /* Release */,
			);
			defaultConfigurationIsVisible = 0;
			defaultConfigurationName = Release;
		};
		96DD7D391B34F85A00F86984 /* Build configuration list for PBXNativeTarget "QQZone" */ = {
			isa = XCConfigurationList;
			buildConfigurations = (
				96DD7D3A1B34F85A00F86984 /* Debug */,
				96DD7D3B1B34F85A00F86984 /* Release */,
			);
			defaultConfigurationIsVisible = 0;
			defaultConfigurationName = Release;
		};
		96DD7D3C1B34F85A00F86984 /* Build configuration list for PBXNativeTarget "QQZoneTests" */ = {
			isa = XCConfigurationList;
			buildConfigurations = (
				96DD7D3D1B34F85A00F86984 /* Debug */,
				96DD7D3E1B34F85A00F86984 /* Release */,
			);
			defaultConfigurationIsVisible = 0;
			defaultConfigurationName = Release;
		};
/* End XCConfigurationList section */
	};
	rootObject = 96DD7D0E1B34F85A00F86984 /* Project object */;
}
